
Microsoft Visual Studio Solution File, Format Version 12.00
# Visual Studio Version 17
VisualStudioVersion = 17.7.34031.279
MinimumVisualStudioVersion = 10.0.40219.1
Project("{FAE04EC0-301F-11D3-BF4B-00C04F79EFBC}") = "webapi", "webapi\webapi.csproj", "{72094430-8C3C-4C06-BE10-C568EB8D9047}"
EndProject
Global
	GlobalSection(SolutionConfigurationPlatforms) = preSolution
		Debug|Any CPU = Debug|Any CPU
		Release|Any CPU = Release|Any CPU
	EndGlobalSection
	GlobalSection(ProjectConfigurationPlatforms) = postSolution
		{72094430-8C3C-4C06-BE10-C568EB8D9047}.Debug|Any CPU.ActiveCfg = Debug|Any CPU
		{72094430-8C3C-4C06-BE10-C568EB8D9047}.Debug|Any CPU.Build.0 = Debug|Any CPU
		{72094430-8C3C-4C06-BE10-C568EB8D9047}.Release|Any CPU.ActiveCfg = Release|Any CPU
		{72094430-8C3C-4C06-BE10-C568EB8D9047}.Release|Any CPU.Build.0 = Release|Any CPU
	EndGlobalSection
	GlobalSection(SolutionProperties) = preSolution
		HideSolutionNode = FALSE
	EndGlobalSection
	GlobalSection(ExtensibilityGlobals) = postSolution
		SolutionGuid = {3D0869F5-DC0E-48AD-8381-35DEC5879E47}
	EndGlobalSection
EndGlobal
